github.com/PhuNH/hg-companion v0.0.0-20230913110054-b505a89c6dad/go.mod h1:GyFkvdKL0mp4TcR48xZSHjh+yYGrc5pGNwGvPe7uvRQ=
github.com/thednp/bootstrap.native v0.0.0-20230704154857-7778c4403d89/go.mod h1:apvEEkedEAYkAOjFu4DSnvP3QeFy+8tq7mjzzEfhQCA=
github.com/twbs/bootstrap v5.3.0-alpha1+incompatible/go.mod h1:fZTSrkpSf0/HkL0IIJzvVspTt1r9zuf7XlZau8kpcY0=
invent.kde.org/websites/hugo-bootstrap v0.0.0-20230310220713-2c58a2e72e20 h1:Gj747RDpeqoeF3qiMdliMRQSFzxZ7LW3byUGcyPA4ow=
invent.kde.org/websites/hugo-bootstrap v0.0.0-20230310220713-2c58a2e72e20/go.mod h1:ShMW6etO0smOfDUNu1CyVW2WPwGVNZPzmzpzC40w674=
invent.kde.org/websites/hugo-kde v0.0.0-20250119015411-0e9eb0090636 h1:dpOVZkQS9MaCarfOxhI+5yXeEA1sQcOpd2ZyMqvHBL0=
invent.kde.org/websites/hugo-kde v0.0.0-20250119015411-0e9eb0090636/go.mod h1:YfwgFZaRVlsOVucPueDz7ygXrKx5vIMjO5/NjkssHpw=
