github.com/PhuNH/hg-companion v0.0.0-20230913110054-b505a89c6dad h1:tsHaGiXrF53g+JxISrvkRP+QWl8CqmLDGjTXUKX7MIA=
github.com/PhuNH/hg-companion v0.0.0-20230913110054-b505a89c6dad/go.mod h1:GyFkvdKL0mp4TcR48xZSHjh+yYGrc5pGNwGvPe7uvRQ=
github.com/gohugoio/hugo-mod-bootstrap-scss-v4 v1.0.0/go.mod h1:dAcE2kCmCarbiwNTV4xxlDFShQHiok9kDjw1VoN2J8g=
github.com/thednp/bootstrap.native v0.0.0-20210208065639-9692a29f3498 h1:RPim3tV5xj+7TCFn3OSQAIclWVq6uce0RU6a7ZeQSYs=
github.com/thednp/bootstrap.native v0.0.0-20210208065639-9692a29f3498/go.mod h1:apvEEkedEAYkAOjFu4DSnvP3QeFy+8tq7mjzzEfhQCA=
github.com/twbs/bootstrap v4.5.2+incompatible h1:QR6UOtm1+LCDK53CzEp8U0NPIYeRUktVgNhq0gaAGP0=
github.com/twbs/bootstrap v4.5.2+incompatible/go.mod h1:fZTSrkpSf0/HkL0IIJzvVspTt1r9zuf7XlZau8kpcY0=
github.com/twbs/bootstrap v5.3.0-alpha1+incompatible h1:TWdQPnyCB2GbvtvDglzVbOZEiXD7WgXOq8hH/mk2KKE=
github.com/twbs/bootstrap v5.3.0-alpha1+incompatible/go.mod h1:fZTSrkpSf0/HkL0IIJzvVspTt1r9zuf7XlZau8kpcY0=
invent.kde.org/websites/aether-sass v0.0.0-20220126004819-7de82cce2078 h1:NSdE6YIgaKeO1V6ngr1rHtVu4EC6U5GzB5A99sw8vTc=
invent.kde.org/websites/aether-sass v0.0.0-20220126004819-7de82cce2078/go.mod h1:ak0Uy7kAZxYDju2GTcczO0bKDfTj1jha5TrsygOClcM=
invent.kde.org/websites/hugo-bootstrap v0.0.0-20230310220713-2c58a2e72e20 h1:Gj747RDpeqoeF3qiMdliMRQSFzxZ7LW3byUGcyPA4ow=
invent.kde.org/websites/hugo-bootstrap v0.0.0-20230310220713-2c58a2e72e20/go.mod h1:ShMW6etO0smOfDUNu1CyVW2WPwGVNZPzmzpzC40w674=
